
Microsoft Visual Studio Solution File, Format Version 12.00
# Visual Studio 15
VisualStudioVersion = 15.0.28307.645
MinimumVisualStudioVersion = 10.0.40219.1
Project("{FAE04EC0-301F-11D3-BF4B-00C04F79EFBC}") = "afs", "afs.csproj", "{9DB6062E-BC85-4D11-953D-3E88D3178C1D}"
EndProject
Global
	GlobalSection(SolutionConfigurationPlatforms) = preSolution
		Debug|Any CPU = Debug|Any CPU
	EndGlobalSection
	GlobalSection(ProjectConfigurationPlatforms) = postSolution
		{9DB6062E-BC85-4D11-953D-3E88D3178C1D}.Debug|Any CPU.ActiveCfg = Debug|Any CPU
		{9DB6062E-BC85-4D11-953D-3E88D3178C1D}.Debug|Any CPU.Build.0 = Debug|Any CPU
	EndGlobalSection
	GlobalSection(SolutionProperties) = preSolution
		HideSolutionNode = FALSE
	EndGlobalSection
	GlobalSection(ExtensibilityGlobals) = postSolution
		SolutionGuid = {35C569A1-F673-400B-BC7B-E6CBBA814EB5}
	EndGlobalSection
EndGlobal
